
Microsoft Visual Studio Solution File, Format Version 12.00
# Visual Studio Express 2012 for Windows 8
Project("{FAE04EC0-301F-11D3-BF4B-00C04F79EFBC}") = "facebook-metro-sample", "facebook-metro-sample\facebook-metro-sample.csproj", "{EE09014F-F5D6-4C53-8F5B-C98D407419C7}"
EndProject
Global
	GlobalSection(SolutionConfigurationPlatforms) = preSolution
		Debug|Any CPU = Debug|Any CPU
		Debug|ARM = Debug|ARM
		Debug|x64 = Debug|x64
		Debug|x86 = Debug|x86
		Release|Any CPU = Release|Any CPU
		Release|ARM = Release|ARM
		Release|x64 = Release|x64
		Release|x86 = Release|x86
	EndGlobalSection
	GlobalSection(ProjectConfigurationPlatforms) = postSolution
		{EE09014F-F5D6-4C53-8F5B-C98D407419C7}.Debug|Any CPU.ActiveCfg = Debug|Any CPU
		{EE09014F-F5D6-4C53-8F5B-C98D407419C7}.Debug|Any CPU.Build.0 = Debug|Any CPU
		{EE09014F-F5D6-4C53-8F5B-C98D407419C7}.Debug|Any CPU.Deploy.0 = Debug|Any CPU
		{EE09014F-F5D6-4C53-8F5B-C98D407419C7}.Debug|ARM.ActiveCfg = Debug|ARM
		{EE09014F-F5D6-4C53-8F5B-C98D407419C7}.Debug|ARM.Build.0 = Debug|ARM
		{EE09014F-F5D6-4C53-8F5B-C98D407419C7}.Debug|ARM.Deploy.0 = Debug|ARM
		{EE09014F-F5D6-4C53-8F5B-C98D407419C7}.Debug|x64.ActiveCfg = Debug|x64
		{EE09014F-F5D6-4C53-8F5B-C98D407419C7}.Debug|x64.Build.0 = Debug|x64
		{EE09014F-F5D6-4C53-8F5B-C98D407419C7}.Debug|x64.Deploy.0 = Debug|x64
		{EE09014F-F5D6-4C53-8F5B-C98D407419C7}.Debug|x86.ActiveCfg = Debug|x86
		{EE09014F-F5D6-4C53-8F5B-C98D407419C7}.Debug|x86.Build.0 = Debug|x86
		{EE09014F-F5D6-4C53-8F5B-C98D407419C7}.Debug|x86.Deploy.0 = Debug|x86
		{EE09014F-F5D6-4C53-8F5B-C98D407419C7}.Release|Any CPU.ActiveCfg = Release|Any CPU
		{EE09014F-F5D6-4C53-8F5B-C98D407419C7}.Release|Any CPU.Build.0 = Release|Any CPU
		{EE09014F-F5D6-4C53-8F5B-C98D407419C7}.Release|Any CPU.Deploy.0 = Release|Any CPU
		{EE09014F-F5D6-4C53-8F5B-C98D407419C7}.Release|ARM.ActiveCfg = Release|ARM
		{EE09014F-F5D6-4C53-8F5B-C98D407419C7}.Release|ARM.Build.0 = Release|ARM
		{EE09014F-F5D6-4C53-8F5B-C98D407419C7}.Release|ARM.Deploy.0 = Release|ARM
		{EE09014F-F5D6-4C53-8F5B-C98D407419C7}.Release|x64.ActiveCfg = Release|x64
		{EE09014F-F5D6-4C53-8F5B-C98D407419C7}.Release|x64.Build.0 = Release|x64
		{EE09014F-F5D6-4C53-8F5B-C98D407419C7}.Release|x64.Deploy.0 = Release|x64
		{EE09014F-F5D6-4C53-8F5B-C98D407419C7}.Release|x86.ActiveCfg = Release|x86
		{EE09014F-F5D6-4C53-8F5B-C98D407419C7}.Release|x86.Build.0 = Release|x86
		{EE09014F-F5D6-4C53-8F5B-C98D407419C7}.Release|x86.Deploy.0 = Release|x86
	EndGlobalSection
	GlobalSection(SolutionProperties) = preSolution
		HideSolutionNode = FALSE
	EndGlobalSection
EndGlobal
